
Microsoft Visual Studio Solution File, Format Version 12.00
# Visual Studio Version 17
VisualStudioVersion = 17.10.34707.107
MinimumVisualStudioVersion = 10.0.40219.1
Project("{9A19103F-16F7-4668-BE54-9A1E7A4F7556}") = "practice code part 2", "practice code part 2\practice code part 2.csproj", "{AB4B8913-E8BB-4276-B986-E1F0CFB6548D}"
EndProject
Project("{9A19103F-16F7-4668-BE54-9A1E7A4F7556}") = "simple calculator", "simple calculator\simple calculator.csproj", "{D5A0357F-78C8-4052-ADAF-28725269720E}"
EndProject
Project("{9A19103F-16F7-4668-BE54-9A1E7A4F7556}") = "currency convertor", "currency convertor\currency convertor.csproj", "{0962963C-436D-4CE7-8AD9-E5BA0D93F923}"
EndProject
Project("{9A19103F-16F7-4668-BE54-9A1E7A4F7556}") = "loops practice part 1", "loops practice part 1\loops practice part 1.csproj", "{3DA2765E-B675-4178-AAAA-37BE6EC523F3}"
EndProject
Project("{FAE04EC0-301F-11D3-BF4B-00C04F79EFBC}") = "must entered value", "..\must entered value\must entered value.csproj", "{2FB9DB56-02E2-4976-AFE1-868FF776C0F4}"
EndProject
Global
	GlobalSection(SolutionConfigurationPlatforms) = preSolution
		Debug|Any CPU = Debug|Any CPU
		Release|Any CPU = Release|Any CPU
	EndGlobalSection
	GlobalSection(ProjectConfigurationPlatforms) = postSolution
		{AB4B8913-E8BB-4276-B986-E1F0CFB6548D}.Debug|Any CPU.ActiveCfg = Debug|Any CPU
		{AB4B8913-E8BB-4276-B986-E1F0CFB6548D}.Debug|Any CPU.Build.0 = Debug|Any CPU
		{AB4B8913-E8BB-4276-B986-E1F0CFB6548D}.Release|Any CPU.ActiveCfg = Release|Any CPU
		{AB4B8913-E8BB-4276-B986-E1F0CFB6548D}.Release|Any CPU.Build.0 = Release|Any CPU
		{D5A0357F-78C8-4052-ADAF-28725269720E}.Debug|Any CPU.ActiveCfg = Debug|Any CPU
		{D5A0357F-78C8-4052-ADAF-28725269720E}.Debug|Any CPU.Build.0 = Debug|Any CPU
		{D5A0357F-78C8-4052-ADAF-28725269720E}.Release|Any CPU.ActiveCfg = Release|Any CPU
		{D5A0357F-78C8-4052-ADAF-28725269720E}.Release|Any CPU.Build.0 = Release|Any CPU
		{0962963C-436D-4CE7-8AD9-E5BA0D93F923}.Debug|Any CPU.ActiveCfg = Debug|Any CPU
		{0962963C-436D-4CE7-8AD9-E5BA0D93F923}.Debug|Any CPU.Build.0 = Debug|Any CPU
		{0962963C-436D-4CE7-8AD9-E5BA0D93F923}.Release|Any CPU.ActiveCfg = Release|Any CPU
		{0962963C-436D-4CE7-8AD9-E5BA0D93F923}.Release|Any CPU.Build.0 = Release|Any CPU
		{3DA2765E-B675-4178-AAAA-37BE6EC523F3}.Debug|Any CPU.ActiveCfg = Debug|Any CPU
		{3DA2765E-B675-4178-AAAA-37BE6EC523F3}.Debug|Any CPU.Build.0 = Debug|Any CPU
		{3DA2765E-B675-4178-AAAA-37BE6EC523F3}.Release|Any CPU.ActiveCfg = Release|Any CPU
		{3DA2765E-B675-4178-AAAA-37BE6EC523F3}.Release|Any CPU.Build.0 = Release|Any CPU
		{2FB9DB56-02E2-4976-AFE1-868FF776C0F4}.Debug|Any CPU.ActiveCfg = Debug|Any CPU
		{2FB9DB56-02E2-4976-AFE1-868FF776C0F4}.Debug|Any CPU.Build.0 = Debug|Any CPU
		{2FB9DB56-02E2-4976-AFE1-868FF776C0F4}.Release|Any CPU.ActiveCfg = Release|Any CPU
		{2FB9DB56-02E2-4976-AFE1-868FF776C0F4}.Release|Any CPU.Build.0 = Release|Any CPU
	EndGlobalSection
	GlobalSection(SolutionProperties) = preSolution
		HideSolutionNode = FALSE
	EndGlobalSection
	GlobalSection(ExtensibilityGlobals) = postSolution
		SolutionGuid = {C3ACD597-B75B-4A91-8B16-2BF2942D2BA8}
	EndGlobalSection
EndGlobal
