
Microsoft Visual Studio Solution File, Format Version 12.00
# Visual Studio Version 17
VisualStudioVersion = 17.8.34330.188
MinimumVisualStudioVersion = 10.0.40219.1
Project("{FAE04EC0-301F-11D3-BF4B-00C04F79EFBC}") = "for each loop", "for each loop\for each loop.csproj", "{DBBFA362-3987-4B4B-8841-EDAEF15D016C}"
EndProject
Global
	GlobalSection(SolutionConfigurationPlatforms) = preSolution
		Debug|Any CPU = Debug|Any CPU
		Release|Any CPU = Release|Any CPU
	EndGlobalSection
	GlobalSection(ProjectConfigurationPlatforms) = postSolution
		{DBBFA362-3987-4B4B-8841-EDAEF15D016C}.Debug|Any CPU.ActiveCfg = Debug|Any CPU
		{DBBFA362-3987-4B4B-8841-EDAEF15D016C}.Debug|Any CPU.Build.0 = Debug|Any CPU
		{DBBFA362-3987-4B4B-8841-EDAEF15D016C}.Release|Any CPU.ActiveCfg = Release|Any CPU
		{DBBFA362-3987-4B4B-8841-EDAEF15D016C}.Release|Any CPU.Build.0 = Release|Any CPU
	EndGlobalSection
	GlobalSection(SolutionProperties) = preSolution
		HideSolutionNode = FALSE
	EndGlobalSection
	GlobalSection(ExtensibilityGlobals) = postSolution
		SolutionGuid = {2119110C-07FE-4B58-99D6-7840D7173845}
	EndGlobalSection
EndGlobal
