
Microsoft Visual Studio Solution File, Format Version 12.00
# Visual Studio Version 17
VisualStudioVersion = 17.8.34525.116
MinimumVisualStudioVersion = 10.0.40219.1
Project("{FAE04EC0-301F-11D3-BF4B-00C04F79EFBC}") = "programarray", "array\programarray.csproj", "{B5AF12EF-B8D8-4B52-B77F-DA25D5BEF093}"
EndProject
Global
	GlobalSection(SolutionConfigurationPlatforms) = preSolution
		Debug|Any CPU = Debug|Any CPU
		Release|Any CPU = Release|Any CPU
	EndGlobalSection
	GlobalSection(ProjectConfigurationPlatforms) = postSolution
		{B5AF12EF-B8D8-4B52-B77F-DA25D5BEF093}.Debug|Any CPU.ActiveCfg = Debug|Any CPU
		{B5AF12EF-B8D8-4B52-B77F-DA25D5BEF093}.Debug|Any CPU.Build.0 = Debug|Any CPU
		{B5AF12EF-B8D8-4B52-B77F-DA25D5BEF093}.Release|Any CPU.ActiveCfg = Release|Any CPU
		{B5AF12EF-B8D8-4B52-B77F-DA25D5BEF093}.Release|Any CPU.Build.0 = Release|Any CPU
	EndGlobalSection
	GlobalSection(SolutionProperties) = preSolution
		HideSolutionNode = FALSE
	EndGlobalSection
	GlobalSection(ExtensibilityGlobals) = postSolution
		SolutionGuid = {4524F5A8-0208-499C-8466-F9C1BF340128}
	EndGlobalSection
EndGlobal
