
Microsoft Visual Studio Solution File, Format Version 12.00
# Visual Studio Version 17
VisualStudioVersion = 17.8.34316.72
MinimumVisualStudioVersion = 10.0.40219.1
Project("{FAE04EC0-301F-11D3-BF4B-00C04F79EFBC}") = "Sum", "Sum\Sum.csproj", "{9521925E-A770-434A-B4CB-CB2D78FFED11}"
EndProject
Global
	GlobalSection(SolutionConfigurationPlatforms) = preSolution
		Debug|Any CPU = Debug|Any CPU
		Release|Any CPU = Release|Any CPU
	EndGlobalSection
	GlobalSection(ProjectConfigurationPlatforms) = postSolution
		{9521925E-A770-434A-B4CB-CB2D78FFED11}.Debug|Any CPU.ActiveCfg = Debug|Any CPU
		{9521925E-A770-434A-B4CB-CB2D78FFED11}.Debug|Any CPU.Build.0 = Debug|Any CPU
		{9521925E-A770-434A-B4CB-CB2D78FFED11}.Release|Any CPU.ActiveCfg = Release|Any CPU
		{9521925E-A770-434A-B4CB-CB2D78FFED11}.Release|Any CPU.Build.0 = Release|Any CPU
	EndGlobalSection
	GlobalSection(SolutionProperties) = preSolution
		HideSolutionNode = FALSE
	EndGlobalSection
	GlobalSection(ExtensibilityGlobals) = postSolution
		SolutionGuid = {B1A86DD9-7ACC-405D-9631-13722D159653}
	EndGlobalSection
EndGlobal
