
Microsoft Visual Studio Solution File, Format Version 12.00
# Visual Studio Version 17
VisualStudioVersion = 17.10.34707.107
MinimumVisualStudioVersion = 10.0.40219.1
Project("{FAE04EC0-301F-11D3-BF4B-00C04F79EFBC}") = "break and continue statement", "break and continue statement\break and continue statement.csproj", "{0EE2E38A-516C-4B5F-926A-AB48D70A7075}"
EndProject
Project("{FAE04EC0-301F-11D3-BF4B-00C04F79EFBC}") = "continue statement", "continue statement\continue statement.csproj", "{0A53288A-57A8-43CC-8844-F52C2A5FACA5}"
EndProject
Project("{FAE04EC0-301F-11D3-BF4B-00C04F79EFBC}") = "break statement inner loop", "break statement inner loop\break statement inner loop.csproj", "{DF81E039-4D57-4EC8-ADD4-20F052DB4E37}"
EndProject
Global
	GlobalSection(SolutionConfigurationPlatforms) = preSolution
		Debug|Any CPU = Debug|Any CPU
		Release|Any CPU = Release|Any CPU
	EndGlobalSection
	GlobalSection(ProjectConfigurationPlatforms) = postSolution
		{0EE2E38A-516C-4B5F-926A-AB48D70A7075}.Debug|Any CPU.ActiveCfg = Debug|Any CPU
		{0EE2E38A-516C-4B5F-926A-AB48D70A7075}.Debug|Any CPU.Build.0 = Debug|Any CPU
		{0EE2E38A-516C-4B5F-926A-AB48D70A7075}.Release|Any CPU.ActiveCfg = Release|Any CPU
		{0EE2E38A-516C-4B5F-926A-AB48D70A7075}.Release|Any CPU.Build.0 = Release|Any CPU
		{0A53288A-57A8-43CC-8844-F52C2A5FACA5}.Debug|Any CPU.ActiveCfg = Debug|Any CPU
		{0A53288A-57A8-43CC-8844-F52C2A5FACA5}.Debug|Any CPU.Build.0 = Debug|Any CPU
		{0A53288A-57A8-43CC-8844-F52C2A5FACA5}.Release|Any CPU.ActiveCfg = Release|Any CPU
		{0A53288A-57A8-43CC-8844-F52C2A5FACA5}.Release|Any CPU.Build.0 = Release|Any CPU
		{DF81E039-4D57-4EC8-ADD4-20F052DB4E37}.Debug|Any CPU.ActiveCfg = Debug|Any CPU
		{DF81E039-4D57-4EC8-ADD4-20F052DB4E37}.Debug|Any CPU.Build.0 = Debug|Any CPU
		{DF81E039-4D57-4EC8-ADD4-20F052DB4E37}.Release|Any CPU.ActiveCfg = Release|Any CPU
		{DF81E039-4D57-4EC8-ADD4-20F052DB4E37}.Release|Any CPU.Build.0 = Release|Any CPU
	EndGlobalSection
	GlobalSection(SolutionProperties) = preSolution
		HideSolutionNode = FALSE
	EndGlobalSection
	GlobalSection(ExtensibilityGlobals) = postSolution
		SolutionGuid = {D10ED467-1898-4321-A2BF-1646714270B7}
	EndGlobalSection
EndGlobal
