
Microsoft Visual Studio Solution File, Format Version 12.00
# Visual Studio Version 17
VisualStudioVersion = 17.8.34330.188
MinimumVisualStudioVersion = 10.0.40219.1
Project("{FAE04EC0-301F-11D3-BF4B-00C04F79EFBC}") = "practice program", "practice program\practice program.csproj", "{D1515812-EDE3-4E3C-A4C6-4B156463222C}"
EndProject
Project("{FAE04EC0-301F-11D3-BF4B-00C04F79EFBC}") = "nameofpro", "nameofpro\nameofpro.csproj", "{7153E62D-9037-443A-806A-2F4002F5D983}"
EndProject
Global
	GlobalSection(SolutionConfigurationPlatforms) = preSolution
		Debug|Any CPU = Debug|Any CPU
		Release|Any CPU = Release|Any CPU
	EndGlobalSection
	GlobalSection(ProjectConfigurationPlatforms) = postSolution
		{D1515812-EDE3-4E3C-A4C6-4B156463222C}.Debug|Any CPU.ActiveCfg = Debug|Any CPU
		{D1515812-EDE3-4E3C-A4C6-4B156463222C}.Debug|Any CPU.Build.0 = Debug|Any CPU
		{D1515812-EDE3-4E3C-A4C6-4B156463222C}.Release|Any CPU.ActiveCfg = Release|Any CPU
		{D1515812-EDE3-4E3C-A4C6-4B156463222C}.Release|Any CPU.Build.0 = Release|Any CPU
		{7153E62D-9037-443A-806A-2F4002F5D983}.Debug|Any CPU.ActiveCfg = Debug|Any CPU
		{7153E62D-9037-443A-806A-2F4002F5D983}.Debug|Any CPU.Build.0 = Debug|Any CPU
		{7153E62D-9037-443A-806A-2F4002F5D983}.Release|Any CPU.ActiveCfg = Release|Any CPU
		{7153E62D-9037-443A-806A-2F4002F5D983}.Release|Any CPU.Build.0 = Release|Any CPU
	EndGlobalSection
	GlobalSection(SolutionProperties) = preSolution
		HideSolutionNode = FALSE
	EndGlobalSection
	GlobalSection(ExtensibilityGlobals) = postSolution
		SolutionGuid = {83B06C0E-8217-4523-9CD4-185AAE52A29C}
	EndGlobalSection
EndGlobal
