
Microsoft Visual Studio Solution File, Format Version 12.00
# Visual Studio Version 17
VisualStudioVersion = 17.8.34525.116
MinimumVisualStudioVersion = 10.0.40219.1
Project("{FAE04EC0-301F-11D3-BF4B-00C04F79EFBC}") = "evenorodd", "evenorodd\evenorodd.csproj", "{66A2B0B3-27AE-482A-B174-898E55462944}"
EndProject
Global
	GlobalSection(SolutionConfigurationPlatforms) = preSolution
		Debug|Any CPU = Debug|Any CPU
		Release|Any CPU = Release|Any CPU
	EndGlobalSection
	GlobalSection(ProjectConfigurationPlatforms) = postSolution
		{66A2B0B3-27AE-482A-B174-898E55462944}.Debug|Any CPU.ActiveCfg = Debug|Any CPU
		{66A2B0B3-27AE-482A-B174-898E55462944}.Debug|Any CPU.Build.0 = Debug|Any CPU
		{66A2B0B3-27AE-482A-B174-898E55462944}.Release|Any CPU.ActiveCfg = Release|Any CPU
		{66A2B0B3-27AE-482A-B174-898E55462944}.Release|Any CPU.Build.0 = Release|Any CPU
	EndGlobalSection
	GlobalSection(SolutionProperties) = preSolution
		HideSolutionNode = FALSE
	EndGlobalSection
	GlobalSection(ExtensibilityGlobals) = postSolution
		SolutionGuid = {ECC705EB-22B8-4B39-B5B7-878EA6532B27}
	EndGlobalSection
EndGlobal
