
Microsoft Visual Studio Solution File, Format Version 12.00
# Visual Studio Version 17
VisualStudioVersion = 17.8.34330.188
MinimumVisualStudioVersion = 10.0.40219.1
Project("{FAE04EC0-301F-11D3-BF4B-00C04F79EFBC}") = "while loop", "while loop\while loop.csproj", "{B8576806-9B81-406D-9C1D-BF87C894CB72}"
EndProject
Global
	GlobalSection(SolutionConfigurationPlatforms) = preSolution
		Debug|Any CPU = Debug|Any CPU
		Release|Any CPU = Release|Any CPU
	EndGlobalSection
	GlobalSection(ProjectConfigurationPlatforms) = postSolution
		{B8576806-9B81-406D-9C1D-BF87C894CB72}.Debug|Any CPU.ActiveCfg = Debug|Any CPU
		{B8576806-9B81-406D-9C1D-BF87C894CB72}.Debug|Any CPU.Build.0 = Debug|Any CPU
		{B8576806-9B81-406D-9C1D-BF87C894CB72}.Release|Any CPU.ActiveCfg = Release|Any CPU
		{B8576806-9B81-406D-9C1D-BF87C894CB72}.Release|Any CPU.Build.0 = Release|Any CPU
	EndGlobalSection
	GlobalSection(SolutionProperties) = preSolution
		HideSolutionNode = FALSE
	EndGlobalSection
	GlobalSection(ExtensibilityGlobals) = postSolution
		SolutionGuid = {10E9E34A-1CCA-4365-9AAC-A6C85E4C5A82}
	EndGlobalSection
EndGlobal
