
Microsoft Visual Studio Solution File, Format Version 12.00
# Visual Studio Version 17
VisualStudioVersion = 17.10.34607.79
MinimumVisualStudioVersion = 10.0.40219.1
Project("{FAE04EC0-301F-11D3-BF4B-00C04F79EFBC}") = "property_type2602", "property_type2602\property_type2602.csproj", "{571A8FF7-56E3-477D-AF1B-DDE71A661902}"
EndProject
Global
	GlobalSection(SolutionConfigurationPlatforms) = preSolution
		Debug|Any CPU = Debug|Any CPU
		Release|Any CPU = Release|Any CPU
	EndGlobalSection
	GlobalSection(ProjectConfigurationPlatforms) = postSolution
		{571A8FF7-56E3-477D-AF1B-DDE71A661902}.Debug|Any CPU.ActiveCfg = Debug|Any CPU
		{571A8FF7-56E3-477D-AF1B-DDE71A661902}.Debug|Any CPU.Build.0 = Debug|Any CPU
		{571A8FF7-56E3-477D-AF1B-DDE71A661902}.Release|Any CPU.ActiveCfg = Release|Any CPU
		{571A8FF7-56E3-477D-AF1B-DDE71A661902}.Release|Any CPU.Build.0 = Release|Any CPU
	EndGlobalSection
	GlobalSection(SolutionProperties) = preSolution
		HideSolutionNode = FALSE
	EndGlobalSection
	GlobalSection(ExtensibilityGlobals) = postSolution
		SolutionGuid = {6FC8262A-CCE2-4660-9A64-0822F88D037A}
	EndGlobalSection
EndGlobal
